
Microsoft Visual Studio Solution File, Format Version 12.00
# Visual Studio 2013
VisualStudioVersion = 12.0.31101.0
MinimumVisualStudioVersion = 10.0.40219.1
Project("{8BC9CEB8-8B4A-11D0-8D11-00A0C91BC942}") = "crlib", "crlib.vcxproj", "{C2DC0E98-A7EF-4AB6-BD82-DE4BF7A0B56C}"
EndProject
Project("{8BC9CEB8-8B4A-11D0-8D11-00A0C91BC942}") = "blzc", "blz_compiler.vcxproj", "{C547BD3F-6B6D-44DF-B6D6-8EECB1F56752}"
EndProject
Project("{8BC9CEB8-8B4A-11D0-8D11-00A0C91BC942}") = "blz_model", "blz_model.vcxproj", "{850366A9-57FA-4F2D-B210-5F1EA2A2B5A8}"
EndProject
Project("{8BC9CEB8-8B4A-11D0-8D11-00A0C91BC942}") = "blzdrisqlite", "blz_drv_sqlite.vcxproj", "{A1A1B12B-86CE-4BB4-B784-201EF3F0329B}"
EndProject
Project("{8BC9CEB8-8B4A-11D0-8D11-00A0C91BC942}") = "blz_persistence", "blz_persistence.vcxproj", "{B34A16AF-5DB0-4994-A397-E340070A641C}"
EndProject
Project("{8BC9CEB8-8B4A-11D0-8D11-00A0C91BC942}") = "blz_peer_lib", "blz_peer_lib.vcxproj", "{D8E08F30-6822-4398-9C58-9589811537D8}"
EndProject
Project("{8BC9CEB8-8B4A-11D0-8D11-00A0C91BC942}") = "blz_c_interface", "blz_c_interface.vcxproj", "{F63BB707-8F3C-4933-B9D0-82B50681145F}"
EndProject
Project("{8BC9CEB8-8B4A-11D0-8D11-00A0C91BC942}") = "blz_cpp_interface", "blz_cpp_interface.vcxproj", "{86051208-762D-4D3D-A490-59DF7ECE67EA}"
EndProject
Project("{8BC9CEB8-8B4A-11D0-8D11-00A0C91BC942}") = "blzdrisqlite_static", "blz_drv_sqlite_static.vcxproj", "{4FD13D0B-33A4-4A4C-B9D3-33DB732B7AFC}"
EndProject
Project("{8BC9CEB8-8B4A-11D0-8D11-00A0C91BC942}") = "sample_blz_model_dll", "sample_blz_model_dll.vcxproj", "{2CACDE4E-E781-42B0-9DBB-00D97068F8FD}"
EndProject
Project("{8BC9CEB8-8B4A-11D0-8D11-00A0C91BC942}") = "sample_blz_model_static", "sample_blz_model_static.vcxproj", "{258D0D7E-F056-4CB8-A5DF-A77D35B802A0}"
EndProject
Project("{8BC9CEB8-8B4A-11D0-8D11-00A0C91BC942}") = "test_blz_model", "test_blz_model.vcxproj", "{8F4C04B8-FED3-4036-ACFD-7C199FB8654C}"
EndProject
Project("{8BC9CEB8-8B4A-11D0-8D11-00A0C91BC942}") = "test_blz_peer_static", "test_blz_peer_static.vcxproj", "{C80E2B6A-86FB-4910-9877-4D6D948ED674}"
EndProject
Project("{8BC9CEB8-8B4A-11D0-8D11-00A0C91BC942}") = "test_blz_peer_dyna", "test_blz_peer_dyna.vcxproj", "{0D87A4AD-DEC6-45EB-A1FC-037B56EB9358}"
EndProject
Global
	GlobalSection(SolutionConfigurationPlatforms) = preSolution
		Debug|Mixed Platforms = Debug|Mixed Platforms
		Debug|Win32 = Debug|Win32
		Debug|x64 = Debug|x64
		Release|Mixed Platforms = Release|Mixed Platforms
		Release|Win32 = Release|Win32
		Release|x64 = Release|x64
	EndGlobalSection
	GlobalSection(ProjectConfigurationPlatforms) = postSolution
		{C2DC0E98-A7EF-4AB6-BD82-DE4BF7A0B56C}.Debug|Mixed Platforms.ActiveCfg = Debug|Win32
		{C2DC0E98-A7EF-4AB6-BD82-DE4BF7A0B56C}.Debug|Mixed Platforms.Build.0 = Debug|Win32
		{C2DC0E98-A7EF-4AB6-BD82-DE4BF7A0B56C}.Debug|Win32.ActiveCfg = Debug|Win32
		{C2DC0E98-A7EF-4AB6-BD82-DE4BF7A0B56C}.Debug|Win32.Build.0 = Debug|Win32
		{C2DC0E98-A7EF-4AB6-BD82-DE4BF7A0B56C}.Debug|x64.ActiveCfg = Debug|x64
		{C2DC0E98-A7EF-4AB6-BD82-DE4BF7A0B56C}.Debug|x64.Build.0 = Debug|x64
		{C2DC0E98-A7EF-4AB6-BD82-DE4BF7A0B56C}.Release|Mixed Platforms.ActiveCfg = Release|Win32
		{C2DC0E98-A7EF-4AB6-BD82-DE4BF7A0B56C}.Release|Mixed Platforms.Build.0 = Release|Win32
		{C2DC0E98-A7EF-4AB6-BD82-DE4BF7A0B56C}.Release|Win32.ActiveCfg = Release|Win32
		{C2DC0E98-A7EF-4AB6-BD82-DE4BF7A0B56C}.Release|Win32.Build.0 = Release|Win32
		{C2DC0E98-A7EF-4AB6-BD82-DE4BF7A0B56C}.Release|x64.ActiveCfg = Release|x64
		{C2DC0E98-A7EF-4AB6-BD82-DE4BF7A0B56C}.Release|x64.Build.0 = Release|x64
		{C547BD3F-6B6D-44DF-B6D6-8EECB1F56752}.Debug|Mixed Platforms.ActiveCfg = Debug|Win32
		{C547BD3F-6B6D-44DF-B6D6-8EECB1F56752}.Debug|Mixed Platforms.Build.0 = Debug|Win32
		{C547BD3F-6B6D-44DF-B6D6-8EECB1F56752}.Debug|Win32.ActiveCfg = Debug|Win32
		{C547BD3F-6B6D-44DF-B6D6-8EECB1F56752}.Debug|Win32.Build.0 = Debug|Win32
		{C547BD3F-6B6D-44DF-B6D6-8EECB1F56752}.Debug|x64.ActiveCfg = Debug|x64
		{C547BD3F-6B6D-44DF-B6D6-8EECB1F56752}.Debug|x64.Build.0 = Debug|x64
		{C547BD3F-6B6D-44DF-B6D6-8EECB1F56752}.Release|Mixed Platforms.ActiveCfg = Release|Win32
		{C547BD3F-6B6D-44DF-B6D6-8EECB1F56752}.Release|Mixed Platforms.Build.0 = Release|Win32
		{C547BD3F-6B6D-44DF-B6D6-8EECB1F56752}.Release|Win32.ActiveCfg = Release|Win32
		{C547BD3F-6B6D-44DF-B6D6-8EECB1F56752}.Release|Win32.Build.0 = Release|Win32
		{C547BD3F-6B6D-44DF-B6D6-8EECB1F56752}.Release|x64.ActiveCfg = Release|x64
		{C547BD3F-6B6D-44DF-B6D6-8EECB1F56752}.Release|x64.Build.0 = Release|x64
		{850366A9-57FA-4F2D-B210-5F1EA2A2B5A8}.Debug|Mixed Platforms.ActiveCfg = Debug|Win32
		{850366A9-57FA-4F2D-B210-5F1EA2A2B5A8}.Debug|Mixed Platforms.Build.0 = Debug|Win32
		{850366A9-57FA-4F2D-B210-5F1EA2A2B5A8}.Debug|Win32.ActiveCfg = Debug|Win32
		{850366A9-57FA-4F2D-B210-5F1EA2A2B5A8}.Debug|Win32.Build.0 = Debug|Win32
		{850366A9-57FA-4F2D-B210-5F1EA2A2B5A8}.Debug|x64.ActiveCfg = Debug|x64
		{850366A9-57FA-4F2D-B210-5F1EA2A2B5A8}.Debug|x64.Build.0 = Debug|x64
		{850366A9-57FA-4F2D-B210-5F1EA2A2B5A8}.Release|Mixed Platforms.ActiveCfg = Release|Win32
		{850366A9-57FA-4F2D-B210-5F1EA2A2B5A8}.Release|Mixed Platforms.Build.0 = Release|Win32
		{850366A9-57FA-4F2D-B210-5F1EA2A2B5A8}.Release|Win32.ActiveCfg = Release|Win32
		{850366A9-57FA-4F2D-B210-5F1EA2A2B5A8}.Release|Win32.Build.0 = Release|Win32
		{850366A9-57FA-4F2D-B210-5F1EA2A2B5A8}.Release|x64.ActiveCfg = Release|x64
		{850366A9-57FA-4F2D-B210-5F1EA2A2B5A8}.Release|x64.Build.0 = Release|x64
		{A1A1B12B-86CE-4BB4-B784-201EF3F0329B}.Debug|Mixed Platforms.ActiveCfg = Debug|Win32
		{A1A1B12B-86CE-4BB4-B784-201EF3F0329B}.Debug|Mixed Platforms.Build.0 = Debug|Win32
		{A1A1B12B-86CE-4BB4-B784-201EF3F0329B}.Debug|Win32.ActiveCfg = Debug|Win32
		{A1A1B12B-86CE-4BB4-B784-201EF3F0329B}.Debug|Win32.Build.0 = Debug|Win32
		{A1A1B12B-86CE-4BB4-B784-201EF3F0329B}.Debug|x64.ActiveCfg = Debug|x64
		{A1A1B12B-86CE-4BB4-B784-201EF3F0329B}.Debug|x64.Build.0 = Debug|x64
		{A1A1B12B-86CE-4BB4-B784-201EF3F0329B}.Release|Mixed Platforms.ActiveCfg = Release|Win32
		{A1A1B12B-86CE-4BB4-B784-201EF3F0329B}.Release|Mixed Platforms.Build.0 = Release|Win32
		{A1A1B12B-86CE-4BB4-B784-201EF3F0329B}.Release|Win32.ActiveCfg = Release|Win32
		{A1A1B12B-86CE-4BB4-B784-201EF3F0329B}.Release|Win32.Build.0 = Release|Win32
		{A1A1B12B-86CE-4BB4-B784-201EF3F0329B}.Release|x64.ActiveCfg = Release|x64
		{A1A1B12B-86CE-4BB4-B784-201EF3F0329B}.Release|x64.Build.0 = Release|x64
		{B34A16AF-5DB0-4994-A397-E340070A641C}.Debug|Mixed Platforms.ActiveCfg = Debug|Win32
		{B34A16AF-5DB0-4994-A397-E340070A641C}.Debug|Mixed Platforms.Build.0 = Debug|Win32
		{B34A16AF-5DB0-4994-A397-E340070A641C}.Debug|Win32.ActiveCfg = Debug|Win32
		{B34A16AF-5DB0-4994-A397-E340070A641C}.Debug|Win32.Build.0 = Debug|Win32
		{B34A16AF-5DB0-4994-A397-E340070A641C}.Debug|x64.ActiveCfg = Debug|x64
		{B34A16AF-5DB0-4994-A397-E340070A641C}.Debug|x64.Build.0 = Debug|x64
		{B34A16AF-5DB0-4994-A397-E340070A641C}.Release|Mixed Platforms.ActiveCfg = Release|Win32
		{B34A16AF-5DB0-4994-A397-E340070A641C}.Release|Mixed Platforms.Build.0 = Release|Win32
		{B34A16AF-5DB0-4994-A397-E340070A641C}.Release|Win32.ActiveCfg = Release|Win32
		{B34A16AF-5DB0-4994-A397-E340070A641C}.Release|Win32.Build.0 = Release|Win32
		{B34A16AF-5DB0-4994-A397-E340070A641C}.Release|x64.ActiveCfg = Release|x64
		{B34A16AF-5DB0-4994-A397-E340070A641C}.Release|x64.Build.0 = Release|x64
		{D8E08F30-6822-4398-9C58-9589811537D8}.Debug|Mixed Platforms.ActiveCfg = Debug|Win32
		{D8E08F30-6822-4398-9C58-9589811537D8}.Debug|Mixed Platforms.Build.0 = Debug|Win32
		{D8E08F30-6822-4398-9C58-9589811537D8}.Debug|Win32.ActiveCfg = Debug|Win32
		{D8E08F30-6822-4398-9C58-9589811537D8}.Debug|Win32.Build.0 = Debug|Win32
		{D8E08F30-6822-4398-9C58-9589811537D8}.Debug|x64.ActiveCfg = Debug|x64
		{D8E08F30-6822-4398-9C58-9589811537D8}.Debug|x64.Build.0 = Debug|x64
		{D8E08F30-6822-4398-9C58-9589811537D8}.Release|Mixed Platforms.ActiveCfg = Release|Win32
		{D8E08F30-6822-4398-9C58-9589811537D8}.Release|Mixed Platforms.Build.0 = Release|Win32
		{D8E08F30-6822-4398-9C58-9589811537D8}.Release|Win32.ActiveCfg = Release|Win32
		{D8E08F30-6822-4398-9C58-9589811537D8}.Release|Win32.Build.0 = Release|Win32
		{D8E08F30-6822-4398-9C58-9589811537D8}.Release|x64.ActiveCfg = Release|x64
		{D8E08F30-6822-4398-9C58-9589811537D8}.Release|x64.Build.0 = Release|x64
		{F63BB707-8F3C-4933-B9D0-82B50681145F}.Debug|Mixed Platforms.ActiveCfg = Debug|Win32
		{F63BB707-8F3C-4933-B9D0-82B50681145F}.Debug|Mixed Platforms.Build.0 = Debug|Win32
		{F63BB707-8F3C-4933-B9D0-82B50681145F}.Debug|Win32.ActiveCfg = Debug|Win32
		{F63BB707-8F3C-4933-B9D0-82B50681145F}.Debug|Win32.Build.0 = Debug|Win32
		{F63BB707-8F3C-4933-B9D0-82B50681145F}.Debug|x64.ActiveCfg = Debug|x64
		{F63BB707-8F3C-4933-B9D0-82B50681145F}.Debug|x64.Build.0 = Debug|x64
		{F63BB707-8F3C-4933-B9D0-82B50681145F}.Release|Mixed Platforms.ActiveCfg = Release|Win32
		{F63BB707-8F3C-4933-B9D0-82B50681145F}.Release|Mixed Platforms.Build.0 = Release|Win32
		{F63BB707-8F3C-4933-B9D0-82B50681145F}.Release|Win32.ActiveCfg = Release|Win32
		{F63BB707-8F3C-4933-B9D0-82B50681145F}.Release|Win32.Build.0 = Release|Win32
		{F63BB707-8F3C-4933-B9D0-82B50681145F}.Release|x64.ActiveCfg = Release|x64
		{F63BB707-8F3C-4933-B9D0-82B50681145F}.Release|x64.Build.0 = Release|x64
		{86051208-762D-4D3D-A490-59DF7ECE67EA}.Debug|Mixed Platforms.ActiveCfg = Debug|Win32
		{86051208-762D-4D3D-A490-59DF7ECE67EA}.Debug|Mixed Platforms.Build.0 = Debug|Win32
		{86051208-762D-4D3D-A490-59DF7ECE67EA}.Debug|Win32.ActiveCfg = Debug|Win32
		{86051208-762D-4D3D-A490-59DF7ECE67EA}.Debug|Win32.Build.0 = Debug|Win32
		{86051208-762D-4D3D-A490-59DF7ECE67EA}.Debug|x64.ActiveCfg = Debug|x64
		{86051208-762D-4D3D-A490-59DF7ECE67EA}.Debug|x64.Build.0 = Debug|x64
		{86051208-762D-4D3D-A490-59DF7ECE67EA}.Release|Mixed Platforms.ActiveCfg = Release|Win32
		{86051208-762D-4D3D-A490-59DF7ECE67EA}.Release|Mixed Platforms.Build.0 = Release|Win32
		{86051208-762D-4D3D-A490-59DF7ECE67EA}.Release|Win32.ActiveCfg = Release|Win32
		{86051208-762D-4D3D-A490-59DF7ECE67EA}.Release|Win32.Build.0 = Release|Win32
		{86051208-762D-4D3D-A490-59DF7ECE67EA}.Release|x64.ActiveCfg = Release|x64
		{86051208-762D-4D3D-A490-59DF7ECE67EA}.Release|x64.Build.0 = Release|x64
		{4FD13D0B-33A4-4A4C-B9D3-33DB732B7AFC}.Debug|Mixed Platforms.ActiveCfg = Debug|Win32
		{4FD13D0B-33A4-4A4C-B9D3-33DB732B7AFC}.Debug|Mixed Platforms.Build.0 = Debug|Win32
		{4FD13D0B-33A4-4A4C-B9D3-33DB732B7AFC}.Debug|Win32.ActiveCfg = Debug|Win32
		{4FD13D0B-33A4-4A4C-B9D3-33DB732B7AFC}.Debug|Win32.Build.0 = Debug|Win32
		{4FD13D0B-33A4-4A4C-B9D3-33DB732B7AFC}.Debug|x64.ActiveCfg = Debug|x64
		{4FD13D0B-33A4-4A4C-B9D3-33DB732B7AFC}.Debug|x64.Build.0 = Debug|x64
		{4FD13D0B-33A4-4A4C-B9D3-33DB732B7AFC}.Release|Mixed Platforms.ActiveCfg = Release|Win32
		{4FD13D0B-33A4-4A4C-B9D3-33DB732B7AFC}.Release|Mixed Platforms.Build.0 = Release|Win32
		{4FD13D0B-33A4-4A4C-B9D3-33DB732B7AFC}.Release|Win32.ActiveCfg = Release|Win32
		{4FD13D0B-33A4-4A4C-B9D3-33DB732B7AFC}.Release|Win32.Build.0 = Release|Win32
		{4FD13D0B-33A4-4A4C-B9D3-33DB732B7AFC}.Release|x64.ActiveCfg = Release|x64
		{4FD13D0B-33A4-4A4C-B9D3-33DB732B7AFC}.Release|x64.Build.0 = Release|x64
		{2CACDE4E-E781-42B0-9DBB-00D97068F8FD}.Debug|Mixed Platforms.ActiveCfg = Debug|Win32
		{2CACDE4E-E781-42B0-9DBB-00D97068F8FD}.Debug|Mixed Platforms.Build.0 = Debug|Win32
		{2CACDE4E-E781-42B0-9DBB-00D97068F8FD}.Debug|Win32.ActiveCfg = Debug|Win32
		{2CACDE4E-E781-42B0-9DBB-00D97068F8FD}.Debug|Win32.Build.0 = Debug|Win32
		{2CACDE4E-E781-42B0-9DBB-00D97068F8FD}.Debug|x64.ActiveCfg = Debug|x64
		{2CACDE4E-E781-42B0-9DBB-00D97068F8FD}.Debug|x64.Build.0 = Debug|x64
		{2CACDE4E-E781-42B0-9DBB-00D97068F8FD}.Release|Mixed Platforms.ActiveCfg = Release|Win32
		{2CACDE4E-E781-42B0-9DBB-00D97068F8FD}.Release|Mixed Platforms.Build.0 = Release|Win32
		{2CACDE4E-E781-42B0-9DBB-00D97068F8FD}.Release|Win32.ActiveCfg = Release|Win32
		{2CACDE4E-E781-42B0-9DBB-00D97068F8FD}.Release|Win32.Build.0 = Release|Win32
		{2CACDE4E-E781-42B0-9DBB-00D97068F8FD}.Release|x64.ActiveCfg = Release|x64
		{2CACDE4E-E781-42B0-9DBB-00D97068F8FD}.Release|x64.Build.0 = Release|x64
		{258D0D7E-F056-4CB8-A5DF-A77D35B802A0}.Debug|Mixed Platforms.ActiveCfg = Debug|Win32
		{258D0D7E-F056-4CB8-A5DF-A77D35B802A0}.Debug|Mixed Platforms.Build.0 = Debug|Win32
		{258D0D7E-F056-4CB8-A5DF-A77D35B802A0}.Debug|Win32.ActiveCfg = Debug|Win32
		{258D0D7E-F056-4CB8-A5DF-A77D35B802A0}.Debug|Win32.Build.0 = Debug|Win32
		{258D0D7E-F056-4CB8-A5DF-A77D35B802A0}.Debug|x64.ActiveCfg = Debug|x64
		{258D0D7E-F056-4CB8-A5DF-A77D35B802A0}.Debug|x64.Build.0 = Debug|x64
		{258D0D7E-F056-4CB8-A5DF-A77D35B802A0}.Release|Mixed Platforms.ActiveCfg = Release|Win32
		{258D0D7E-F056-4CB8-A5DF-A77D35B802A0}.Release|Mixed Platforms.Build.0 = Release|Win32
		{258D0D7E-F056-4CB8-A5DF-A77D35B802A0}.Release|Win32.ActiveCfg = Release|Win32
		{258D0D7E-F056-4CB8-A5DF-A77D35B802A0}.Release|Win32.Build.0 = Release|Win32
		{258D0D7E-F056-4CB8-A5DF-A77D35B802A0}.Release|x64.ActiveCfg = Release|x64
		{258D0D7E-F056-4CB8-A5DF-A77D35B802A0}.Release|x64.Build.0 = Release|x64
		{8F4C04B8-FED3-4036-ACFD-7C199FB8654C}.Debug|Mixed Platforms.ActiveCfg = Debug|Win32
		{8F4C04B8-FED3-4036-ACFD-7C199FB8654C}.Debug|Mixed Platforms.Build.0 = Debug|Win32
		{8F4C04B8-FED3-4036-ACFD-7C199FB8654C}.Debug|Win32.ActiveCfg = Debug|Win32
		{8F4C04B8-FED3-4036-ACFD-7C199FB8654C}.Debug|Win32.Build.0 = Debug|Win32
		{8F4C04B8-FED3-4036-ACFD-7C199FB8654C}.Debug|x64.ActiveCfg = Debug|x64
		{8F4C04B8-FED3-4036-ACFD-7C199FB8654C}.Debug|x64.Build.0 = Debug|x64
		{8F4C04B8-FED3-4036-ACFD-7C199FB8654C}.Release|Mixed Platforms.ActiveCfg = Release|Win32
		{8F4C04B8-FED3-4036-ACFD-7C199FB8654C}.Release|Mixed Platforms.Build.0 = Release|Win32
		{8F4C04B8-FED3-4036-ACFD-7C199FB8654C}.Release|Win32.ActiveCfg = Release|Win32
		{8F4C04B8-FED3-4036-ACFD-7C199FB8654C}.Release|Win32.Build.0 = Release|Win32
		{8F4C04B8-FED3-4036-ACFD-7C199FB8654C}.Release|x64.ActiveCfg = Release|x64
		{8F4C04B8-FED3-4036-ACFD-7C199FB8654C}.Release|x64.Build.0 = Release|x64
		{C80E2B6A-86FB-4910-9877-4D6D948ED674}.Debug|Mixed Platforms.ActiveCfg = Debug|Win32
		{C80E2B6A-86FB-4910-9877-4D6D948ED674}.Debug|Mixed Platforms.Build.0 = Debug|Win32
		{C80E2B6A-86FB-4910-9877-4D6D948ED674}.Debug|Win32.ActiveCfg = Debug|Win32
		{C80E2B6A-86FB-4910-9877-4D6D948ED674}.Debug|Win32.Build.0 = Debug|Win32
		{C80E2B6A-86FB-4910-9877-4D6D948ED674}.Debug|x64.ActiveCfg = Debug|x64
		{C80E2B6A-86FB-4910-9877-4D6D948ED674}.Debug|x64.Build.0 = Debug|x64
		{C80E2B6A-86FB-4910-9877-4D6D948ED674}.Release|Mixed Platforms.ActiveCfg = Release|Win32
		{C80E2B6A-86FB-4910-9877-4D6D948ED674}.Release|Mixed Platforms.Build.0 = Release|Win32
		{C80E2B6A-86FB-4910-9877-4D6D948ED674}.Release|Win32.ActiveCfg = Release|Win32
		{C80E2B6A-86FB-4910-9877-4D6D948ED674}.Release|Win32.Build.0 = Release|Win32
		{C80E2B6A-86FB-4910-9877-4D6D948ED674}.Release|x64.ActiveCfg = Release|x64
		{C80E2B6A-86FB-4910-9877-4D6D948ED674}.Release|x64.Build.0 = Release|x64
		{0D87A4AD-DEC6-45EB-A1FC-037B56EB9358}.Debug|Mixed Platforms.ActiveCfg = Debug|Win32
		{0D87A4AD-DEC6-45EB-A1FC-037B56EB9358}.Debug|Mixed Platforms.Build.0 = Debug|Win32
		{0D87A4AD-DEC6-45EB-A1FC-037B56EB9358}.Debug|Win32.ActiveCfg = Debug|Win32
		{0D87A4AD-DEC6-45EB-A1FC-037B56EB9358}.Debug|Win32.Build.0 = Debug|Win32
		{0D87A4AD-DEC6-45EB-A1FC-037B56EB9358}.Debug|x64.ActiveCfg = Debug|x64
		{0D87A4AD-DEC6-45EB-A1FC-037B56EB9358}.Debug|x64.Build.0 = Debug|x64
		{0D87A4AD-DEC6-45EB-A1FC-037B56EB9358}.Release|Mixed Platforms.ActiveCfg = Release|Win32
		{0D87A4AD-DEC6-45EB-A1FC-037B56EB9358}.Release|Mixed Platforms.Build.0 = Release|Win32
		{0D87A4AD-DEC6-45EB-A1FC-037B56EB9358}.Release|Win32.ActiveCfg = Release|Win32
		{0D87A4AD-DEC6-45EB-A1FC-037B56EB9358}.Release|Win32.Build.0 = Release|Win32
		{0D87A4AD-DEC6-45EB-A1FC-037B56EB9358}.Release|x64.ActiveCfg = Release|x64
		{0D87A4AD-DEC6-45EB-A1FC-037B56EB9358}.Release|x64.Build.0 = Release|x64
	EndGlobalSection
	GlobalSection(SolutionProperties) = preSolution
		HideSolutionNode = FALSE
	EndGlobalSection
EndGlobal
