<?xml version="1.0" encoding="utf-8"?>
<Project ToolsVersion="4.0" xmlns="http://schemas.microsoft.com/developer/msbuild/2003">
  <ItemGroup>
    <Filter Include="h">
      <UniqueIdentifier>{93995380-89BD-4b04-88EB-625FBE52EBFB}</UniqueIdentifier>
      <Extensions>h;hpp;hxx;hm;inl;inc;xsd</Extensions>
    </Filter>
    <Filter Include="src">
      <UniqueIdentifier>{4FC737F1-C7A5-4376-A066-2A32D752A2FF}</UniqueIdentifier>
      <Extensions>cpp;c;cc;cxx;def;odl;idl;hpj;bat;asm;asmx</Extensions>
    </Filter>
  </ItemGroup>
  <ItemGroup>
    <ClInclude Include="..\public\c\vlg_c_transaction.h">
      <Filter>h</Filter>
    </ClInclude>
    <ClInclude Include="..\public\c\vlg_c_connection.h">
      <Filter>h</Filter>
    </ClInclude>
    <ClInclude Include="..\public\c\vlg_c_logger.h">
      <Filter>h</Filter>
    </ClInclude>
    <ClInclude Include="..\public\c\vlg_c_model.h">
      <Filter>h</Filter>
    </ClInclude>
    <ClInclude Include="..\public\c\vlg_c_peer.h">
      <Filter>h</Filter>
    </ClInclude>
    <ClInclude Include="..\public\c\vlg_c_persistence.h">
      <Filter>h</Filter>
    </ClInclude>
    <ClInclude Include="..\public\c\vlg_c_subscription.h">
      <Filter>h</Filter>
    </ClInclude>
    <ClInclude Include="..\public\vlg.h">
      <Filter>h</Filter>
    </ClInclude>
    <ClInclude Include="..\public\c\vlg_c_drv_sqlite.h">
      <Filter>h</Filter>
    </ClInclude>
  </ItemGroup>
  <ItemGroup>
    <ClCompile Include="..\src\apic\c_peer.cpp">
      <Filter>src</Filter>
    </ClCompile>
    <ClCompile Include="..\src\apic\c_persistence.cpp">
      <Filter>src</Filter>
    </ClCompile>
    <ClCompile Include="..\src\apic\c_subscription.cpp">
      <Filter>src</Filter>
    </ClCompile>
    <ClCompile Include="..\src\apic\c_transaction.cpp">
      <Filter>src</Filter>
    </ClCompile>
    <ClCompile Include="..\src\apic\c_connection.cpp">
      <Filter>src</Filter>
    </ClCompile>
    <ClCompile Include="..\src\apic\c_drv_sqlite.cpp">
      <Filter>src</Filter>
    </ClCompile>
    <ClCompile Include="..\src\apic\c_model.cpp">
      <Filter>src</Filter>
    </ClCompile>
  </ItemGroup>
</Project>