
Microsoft Visual Studio Solution File, Format Version 12.00
# Visual Studio 15
VisualStudioVersion = 15.0.28010.2050
MinimumVisualStudioVersion = 10.0.40219.1
Project("{8BC9CEB8-8B4A-11D0-8D11-00A0C91BC942}") = "vlgc", "vlgc.vcxproj", "{C547BD3F-6B6D-44DF-B6D6-8EECB1F56752}"
EndProject
Project("{8BC9CEB8-8B4A-11D0-8D11-00A0C91BC942}") = "vlg", "vlg.vcxproj", "{D8E08F30-6822-4398-9C58-9589811537D8}"
EndProject
Project("{8BC9CEB8-8B4A-11D0-8D11-00A0C91BC942}") = "apicpp", "apicpp.vcxproj", "{86051208-762D-4D3D-A490-59DF7ECE67EA}"
EndProject
Project("{8BC9CEB8-8B4A-11D0-8D11-00A0C91BC942}") = "apic", "apic.vcxproj", "{F63BB707-8F3C-4933-B9D0-82B50681145F}"
EndProject
Project("{8BC9CEB8-8B4A-11D0-8D11-00A0C91BC942}") = "drvsqlite", "drvsqlite.vcxproj", "{4FD13D0B-33A4-4A4C-B9D3-33DB732B7AFC}"
EndProject
Project("{8BC9CEB8-8B4A-11D0-8D11-00A0C91BC942}") = "drvsqlite_dyn", "drvsqlitedyn.vcxproj", "{A1A1B12B-86CE-4BB4-B784-201EF3F0329B}"
EndProject
Project("{8BC9CEB8-8B4A-11D0-8D11-00A0C91BC942}") = "test_smplmdl", "test_smplmdl.vcxproj", "{258D0D7E-F056-4CB8-A5DF-A77D35B802A0}"
EndProject
Project("{8BC9CEB8-8B4A-11D0-8D11-00A0C91BC942}") = "test_smplmdl_dyn", "test_smplmdldyn.vcxproj", "{53A6320C-02A7-45CA-9333-493CF4CDB5C0}"
EndProject
Project("{8BC9CEB8-8B4A-11D0-8D11-00A0C91BC942}") = "test_broker", "test_broker.vcxproj", "{C80E2B6A-86FB-4910-9877-4D6D948ED674}"
EndProject
Project("{8BC9CEB8-8B4A-11D0-8D11-00A0C91BC942}") = "test_broker_dyn", "test_broker_dyn.vcxproj", "{0D87A4AD-DEC6-45EB-A1FC-037B56EB9358}"
EndProject
Project("{8BC9CEB8-8B4A-11D0-8D11-00A0C91BC942}") = "test_cbroker", "test_cbroker.vcxproj", "{E4A176B0-862C-4B40-9F73-76B3435279DD}"
EndProject
Global
	GlobalSection(SolutionConfigurationPlatforms) = preSolution
		Debug|x64 = Debug|x64
		Debug|x86 = Debug|x86
		Release|x64 = Release|x64
		Release|x86 = Release|x86
	EndGlobalSection
	GlobalSection(ProjectConfigurationPlatforms) = postSolution
		{C547BD3F-6B6D-44DF-B6D6-8EECB1F56752}.Debug|x64.ActiveCfg = Debug|x64
		{C547BD3F-6B6D-44DF-B6D6-8EECB1F56752}.Debug|x64.Build.0 = Debug|x64
		{C547BD3F-6B6D-44DF-B6D6-8EECB1F56752}.Debug|x86.ActiveCfg = Debug|Win32
		{C547BD3F-6B6D-44DF-B6D6-8EECB1F56752}.Debug|x86.Build.0 = Debug|Win32
		{C547BD3F-6B6D-44DF-B6D6-8EECB1F56752}.Release|x64.ActiveCfg = Release|x64
		{C547BD3F-6B6D-44DF-B6D6-8EECB1F56752}.Release|x64.Build.0 = Release|x64
		{C547BD3F-6B6D-44DF-B6D6-8EECB1F56752}.Release|x86.ActiveCfg = Release|Win32
		{C547BD3F-6B6D-44DF-B6D6-8EECB1F56752}.Release|x86.Build.0 = Release|Win32
		{D8E08F30-6822-4398-9C58-9589811537D8}.Debug|x64.ActiveCfg = Debug|x64
		{D8E08F30-6822-4398-9C58-9589811537D8}.Debug|x64.Build.0 = Debug|x64
		{D8E08F30-6822-4398-9C58-9589811537D8}.Debug|x86.ActiveCfg = Debug|Win32
		{D8E08F30-6822-4398-9C58-9589811537D8}.Debug|x86.Build.0 = Debug|Win32
		{D8E08F30-6822-4398-9C58-9589811537D8}.Release|x64.ActiveCfg = Release|x64
		{D8E08F30-6822-4398-9C58-9589811537D8}.Release|x64.Build.0 = Release|x64
		{D8E08F30-6822-4398-9C58-9589811537D8}.Release|x86.ActiveCfg = Release|Win32
		{D8E08F30-6822-4398-9C58-9589811537D8}.Release|x86.Build.0 = Release|Win32
		{86051208-762D-4D3D-A490-59DF7ECE67EA}.Debug|x64.ActiveCfg = Debug|x64
		{86051208-762D-4D3D-A490-59DF7ECE67EA}.Debug|x64.Build.0 = Debug|x64
		{86051208-762D-4D3D-A490-59DF7ECE67EA}.Debug|x86.ActiveCfg = Debug|Win32
		{86051208-762D-4D3D-A490-59DF7ECE67EA}.Debug|x86.Build.0 = Debug|Win32
		{86051208-762D-4D3D-A490-59DF7ECE67EA}.Release|x64.ActiveCfg = Release|x64
		{86051208-762D-4D3D-A490-59DF7ECE67EA}.Release|x64.Build.0 = Release|x64
		{86051208-762D-4D3D-A490-59DF7ECE67EA}.Release|x86.ActiveCfg = Release|Win32
		{86051208-762D-4D3D-A490-59DF7ECE67EA}.Release|x86.Build.0 = Release|Win32
		{F63BB707-8F3C-4933-B9D0-82B50681145F}.Debug|x64.ActiveCfg = Debug|x64
		{F63BB707-8F3C-4933-B9D0-82B50681145F}.Debug|x64.Build.0 = Debug|x64
		{F63BB707-8F3C-4933-B9D0-82B50681145F}.Debug|x86.ActiveCfg = Debug|Win32
		{F63BB707-8F3C-4933-B9D0-82B50681145F}.Debug|x86.Build.0 = Debug|Win32
		{F63BB707-8F3C-4933-B9D0-82B50681145F}.Release|x64.ActiveCfg = Release|x64
		{F63BB707-8F3C-4933-B9D0-82B50681145F}.Release|x64.Build.0 = Release|x64
		{F63BB707-8F3C-4933-B9D0-82B50681145F}.Release|x86.ActiveCfg = Release|Win32
		{F63BB707-8F3C-4933-B9D0-82B50681145F}.Release|x86.Build.0 = Release|Win32
		{4FD13D0B-33A4-4A4C-B9D3-33DB732B7AFC}.Debug|x64.ActiveCfg = Debug|x64
		{4FD13D0B-33A4-4A4C-B9D3-33DB732B7AFC}.Debug|x64.Build.0 = Debug|x64
		{4FD13D0B-33A4-4A4C-B9D3-33DB732B7AFC}.Debug|x86.ActiveCfg = Debug|Win32
		{4FD13D0B-33A4-4A4C-B9D3-33DB732B7AFC}.Debug|x86.Build.0 = Debug|Win32
		{4FD13D0B-33A4-4A4C-B9D3-33DB732B7AFC}.Release|x64.ActiveCfg = Release|x64
		{4FD13D0B-33A4-4A4C-B9D3-33DB732B7AFC}.Release|x64.Build.0 = Release|x64
		{4FD13D0B-33A4-4A4C-B9D3-33DB732B7AFC}.Release|x86.ActiveCfg = Release|Win32
		{4FD13D0B-33A4-4A4C-B9D3-33DB732B7AFC}.Release|x86.Build.0 = Release|Win32
		{A1A1B12B-86CE-4BB4-B784-201EF3F0329B}.Debug|x64.ActiveCfg = Debug|x64
		{A1A1B12B-86CE-4BB4-B784-201EF3F0329B}.Debug|x64.Build.0 = Debug|x64
		{A1A1B12B-86CE-4BB4-B784-201EF3F0329B}.Debug|x86.ActiveCfg = Debug|Win32
		{A1A1B12B-86CE-4BB4-B784-201EF3F0329B}.Debug|x86.Build.0 = Debug|Win32
		{A1A1B12B-86CE-4BB4-B784-201EF3F0329B}.Release|x64.ActiveCfg = Release|x64
		{A1A1B12B-86CE-4BB4-B784-201EF3F0329B}.Release|x64.Build.0 = Release|x64
		{A1A1B12B-86CE-4BB4-B784-201EF3F0329B}.Release|x86.ActiveCfg = Release|Win32
		{A1A1B12B-86CE-4BB4-B784-201EF3F0329B}.Release|x86.Build.0 = Release|Win32
		{258D0D7E-F056-4CB8-A5DF-A77D35B802A0}.Debug|x64.ActiveCfg = Debug|x64
		{258D0D7E-F056-4CB8-A5DF-A77D35B802A0}.Debug|x64.Build.0 = Debug|x64
		{258D0D7E-F056-4CB8-A5DF-A77D35B802A0}.Debug|x86.ActiveCfg = Debug|Win32
		{258D0D7E-F056-4CB8-A5DF-A77D35B802A0}.Debug|x86.Build.0 = Debug|Win32
		{258D0D7E-F056-4CB8-A5DF-A77D35B802A0}.Release|x64.ActiveCfg = Release|x64
		{258D0D7E-F056-4CB8-A5DF-A77D35B802A0}.Release|x64.Build.0 = Release|x64
		{258D0D7E-F056-4CB8-A5DF-A77D35B802A0}.Release|x86.ActiveCfg = Release|Win32
		{258D0D7E-F056-4CB8-A5DF-A77D35B802A0}.Release|x86.Build.0 = Release|Win32
		{53A6320C-02A7-45CA-9333-493CF4CDB5C0}.Debug|x64.ActiveCfg = Debug|x64
		{53A6320C-02A7-45CA-9333-493CF4CDB5C0}.Debug|x64.Build.0 = Debug|x64
		{53A6320C-02A7-45CA-9333-493CF4CDB5C0}.Debug|x86.ActiveCfg = Debug|Win32
		{53A6320C-02A7-45CA-9333-493CF4CDB5C0}.Debug|x86.Build.0 = Debug|Win32
		{53A6320C-02A7-45CA-9333-493CF4CDB5C0}.Release|x64.ActiveCfg = Release|x64
		{53A6320C-02A7-45CA-9333-493CF4CDB5C0}.Release|x64.Build.0 = Release|x64
		{53A6320C-02A7-45CA-9333-493CF4CDB5C0}.Release|x86.ActiveCfg = Release|Win32
		{53A6320C-02A7-45CA-9333-493CF4CDB5C0}.Release|x86.Build.0 = Release|Win32
		{C80E2B6A-86FB-4910-9877-4D6D948ED674}.Debug|x64.ActiveCfg = Debug|x64
		{C80E2B6A-86FB-4910-9877-4D6D948ED674}.Debug|x64.Build.0 = Debug|x64
		{C80E2B6A-86FB-4910-9877-4D6D948ED674}.Debug|x86.ActiveCfg = Debug|Win32
		{C80E2B6A-86FB-4910-9877-4D6D948ED674}.Debug|x86.Build.0 = Debug|Win32
		{C80E2B6A-86FB-4910-9877-4D6D948ED674}.Release|x64.ActiveCfg = Release|x64
		{C80E2B6A-86FB-4910-9877-4D6D948ED674}.Release|x64.Build.0 = Release|x64
		{C80E2B6A-86FB-4910-9877-4D6D948ED674}.Release|x86.ActiveCfg = Release|Win32
		{C80E2B6A-86FB-4910-9877-4D6D948ED674}.Release|x86.Build.0 = Release|Win32
		{0D87A4AD-DEC6-45EB-A1FC-037B56EB9358}.Debug|x64.ActiveCfg = Debug|x64
		{0D87A4AD-DEC6-45EB-A1FC-037B56EB9358}.Debug|x64.Build.0 = Debug|x64
		{0D87A4AD-DEC6-45EB-A1FC-037B56EB9358}.Debug|x86.ActiveCfg = Debug|Win32
		{0D87A4AD-DEC6-45EB-A1FC-037B56EB9358}.Debug|x86.Build.0 = Debug|Win32
		{0D87A4AD-DEC6-45EB-A1FC-037B56EB9358}.Release|x64.ActiveCfg = Release|x64
		{0D87A4AD-DEC6-45EB-A1FC-037B56EB9358}.Release|x64.Build.0 = Release|x64
		{0D87A4AD-DEC6-45EB-A1FC-037B56EB9358}.Release|x86.ActiveCfg = Release|Win32
		{0D87A4AD-DEC6-45EB-A1FC-037B56EB9358}.Release|x86.Build.0 = Release|Win32
		{E4A176B0-862C-4B40-9F73-76B3435279DD}.Debug|x64.ActiveCfg = Debug|x64
		{E4A176B0-862C-4B40-9F73-76B3435279DD}.Debug|x64.Build.0 = Debug|x64
		{E4A176B0-862C-4B40-9F73-76B3435279DD}.Debug|x86.ActiveCfg = Debug|Win32
		{E4A176B0-862C-4B40-9F73-76B3435279DD}.Debug|x86.Build.0 = Debug|Win32
		{E4A176B0-862C-4B40-9F73-76B3435279DD}.Release|x64.ActiveCfg = Release|x64
		{E4A176B0-862C-4B40-9F73-76B3435279DD}.Release|x64.Build.0 = Release|x64
		{E4A176B0-862C-4B40-9F73-76B3435279DD}.Release|x86.ActiveCfg = Release|Win32
		{E4A176B0-862C-4B40-9F73-76B3435279DD}.Release|x86.Build.0 = Release|Win32
	EndGlobalSection
	GlobalSection(SolutionProperties) = preSolution
		HideSolutionNode = FALSE
	EndGlobalSection
	GlobalSection(ExtensibilityGlobals) = postSolution
		SolutionGuid = {51149D63-BCD0-466E-A37A-B28DC5077B8C}
	EndGlobalSection
EndGlobal
