// !$*UTF8*$!
{
	archiveVersion = 1;
	classes = {
	};
	objectVersion = 50;
	objects = {

/* Begin PBXBuildFile section */
		E327D4972186221600ACAA33 /* vlg_logger.swift in Sources */ = {isa = PBXBuildFile; fileRef = E327D48F2186221600ACAA33 /* vlg_logger.swift */; };
		E327D4982186221600ACAA33 /* vlg_transaction.swift in Sources */ = {isa = PBXBuildFile; fileRef = E327D4902186221600ACAA33 /* vlg_transaction.swift */; };
		E327D4992186221600ACAA33 /* vlg_persistence.swift in Sources */ = {isa = PBXBuildFile; fileRef = E327D4912186221600ACAA33 /* vlg_persistence.swift */; };
		E327D49B2186221600ACAA33 /* vlg_subscription.swift in Sources */ = {isa = PBXBuildFile; fileRef = E327D4932186221600ACAA33 /* vlg_subscription.swift */; };
		E327D49C2186221600ACAA33 /* vlg_model.swift in Sources */ = {isa = PBXBuildFile; fileRef = E327D4942186221600ACAA33 /* vlg_model.swift */; };
		E327D49D2186221600ACAA33 /* vlg_connection.swift in Sources */ = {isa = PBXBuildFile; fileRef = E327D4952186221600ACAA33 /* vlg_connection.swift */; };
		E327D49E2186221600ACAA33 /* vlg_peer.swift in Sources */ = {isa = PBXBuildFile; fileRef = E327D4962186221600ACAA33 /* vlg_peer.swift */; };
		E33697CC21179C27002F61CD /* AppDelegate.swift in Sources */ = {isa = PBXBuildFile; fileRef = E33697CB21179C27002F61CD /* AppDelegate.swift */; };
		E33697CE21179C27002F61CD /* ViewController.swift in Sources */ = {isa = PBXBuildFile; fileRef = E33697CD21179C27002F61CD /* ViewController.swift */; };
		E33697D121179C27002F61CD /* Main.storyboard in Resources */ = {isa = PBXBuildFile; fileRef = E33697CF21179C27002F61CD /* Main.storyboard */; };
		E33697D321179C33002F61CD /* Assets.xcassets in Resources */ = {isa = PBXBuildFile; fileRef = E33697D221179C33002F61CD /* Assets.xcassets */; };
		E33697D621179C33002F61CD /* LaunchScreen.storyboard in Resources */ = {isa = PBXBuildFile; fileRef = E33697D421179C33002F61CD /* LaunchScreen.storyboard */; };
		E33697E121179C34002F61CD /* template_appUITests.swift in Sources */ = {isa = PBXBuildFile; fileRef = E33697E021179C34002F61CD /* template_appUITests.swift */; };
		E33697EE21179D24002F61CD /* vlg_swift.swift in Sources */ = {isa = PBXBuildFile; fileRef = E33697ED21179D24002F61CD /* vlg_swift.swift */; };
		E33697FC21179E48002F61CD /* libvlg.a in Frameworks */ = {isa = PBXBuildFile; fileRef = E33697FB21179E48002F61CD /* libvlg.a */; };
		E33697FE21179EC3002F61CD /* libc++.tbd in Frameworks */ = {isa = PBXBuildFile; fileRef = E33697FD21179EC3002F61CD /* libc++.tbd */; };
		E3369802211BA3BC002F61CD /* libapic.a in Frameworks */ = {isa = PBXBuildFile; fileRef = E3369801211BA3BC002F61CD /* libapic.a */; };
		E3369806211BA4C9002F61CD /* libdrvsqlite.a in Frameworks */ = {isa = PBXBuildFile; fileRef = E3369805211BA4C9002F61CD /* libdrvsqlite.a */; };
		E3369808211BA529002F61CD /* libapicpp.a in Frameworks */ = {isa = PBXBuildFile; fileRef = E3369807211BA529002F61CD /* libapicpp.a */; };
		E361F0F82120DBBB004F80CF /* params in Resources */ = {isa = PBXBuildFile; fileRef = E361F0F62120DBBB004F80CF /* params */; };
		E361F0F92120DBBB004F80CF /* perscfg in Resources */ = {isa = PBXBuildFile; fileRef = E361F0F72120DBBB004F80CF /* perscfg */; };
		E361F0FA2120DBEB004F80CF /* logger.cfg in Resources */ = {isa = PBXBuildFile; fileRef = E361F0F42120CE1A004F80CF /* logger.cfg */; };
		E36D63F02139C28400B430A4 /* libtest_smplmdl.a in Frameworks */ = {isa = PBXBuildFile; fileRef = E36D63EF2139C28400B430A4 /* libtest_smplmdl.a */; };
		E36D641B213C902800B430A4 /* unused.txt in Resources */ = {isa = PBXBuildFile; fileRef = E36D641A213C902800B430A4 /* unused.txt */; };
		E3E79BA0215FED5E0070DA0D /* libapiobjc.a in Frameworks */ = {isa = PBXBuildFile; fileRef = E33697FF211BA3A6002F61CD /* libapiobjc.a */; };
		E3F503082173DC4900784F4E /* TemplateApp.swift in Sources */ = {isa = PBXBuildFile; fileRef = E3F503072173DC4900784F4E /* TemplateApp.swift */; };
/* End PBXBuildFile section */

/* Begin PBXContainerItemProxy section */
		E33697DD21179C34002F61CD /* PBXContainerItemProxy */ = {
			isa = PBXContainerItemProxy;
			containerPortal = E33697C021179C27002F61CD /* Project object */;
			proxyType = 1;
			remoteGlobalIDString = E33697C721179C27002F61CD;
			remoteInfo = template_app;
		};
/* End PBXContainerItemProxy section */

/* Begin PBXFileReference section */
		E327D48F2186221600ACAA33 /* vlg_logger.swift */ = {isa = PBXFileReference; fileEncoding = 4; lastKnownFileType = sourcecode.swift; name = vlg_logger.swift; path = ../../../public/swf/vlg_logger.swift; sourceTree = "<group>"; };
		E327D4902186221600ACAA33 /* vlg_transaction.swift */ = {isa = PBXFileReference; fileEncoding = 4; lastKnownFileType = sourcecode.swift; name = vlg_transaction.swift; path = ../../../public/swf/vlg_transaction.swift; sourceTree = "<group>"; };
		E327D4912186221600ACAA33 /* vlg_persistence.swift */ = {isa = PBXFileReference; fileEncoding = 4; lastKnownFileType = sourcecode.swift; name = vlg_persistence.swift; path = ../../../public/swf/vlg_persistence.swift; sourceTree = "<group>"; };
		E327D4922186221600ACAA33 /* vlg_swift.swift */ = {isa = PBXFileReference; fileEncoding = 4; lastKnownFileType = sourcecode.swift; name = vlg_swift.swift; path = ../../../public/swf/vlg_swift.swift; sourceTree = "<group>"; };
		E327D4932186221600ACAA33 /* vlg_subscription.swift */ = {isa = PBXFileReference; fileEncoding = 4; lastKnownFileType = sourcecode.swift; name = vlg_subscription.swift; path = ../../../public/swf/vlg_subscription.swift; sourceTree = "<group>"; };
		E327D4942186221600ACAA33 /* vlg_model.swift */ = {isa = PBXFileReference; fileEncoding = 4; lastKnownFileType = sourcecode.swift; name = vlg_model.swift; path = ../../../public/swf/vlg_model.swift; sourceTree = "<group>"; };
		E327D4952186221600ACAA33 /* vlg_connection.swift */ = {isa = PBXFileReference; fileEncoding = 4; lastKnownFileType = sourcecode.swift; name = vlg_connection.swift; path = ../../../public/swf/vlg_connection.swift; sourceTree = "<group>"; };
		E327D4962186221600ACAA33 /* vlg_peer.swift */ = {isa = PBXFileReference; fileEncoding = 4; lastKnownFileType = sourcecode.swift; name = vlg_peer.swift; path = ../../../public/swf/vlg_peer.swift; sourceTree = "<group>"; };
		E33697C821179C27002F61CD /* template_app.app */ = {isa = PBXFileReference; explicitFileType = wrapper.application; includeInIndex = 0; path = template_app.app; sourceTree = BUILT_PRODUCTS_DIR; };
		E33697CB21179C27002F61CD /* AppDelegate.swift */ = {isa = PBXFileReference; lastKnownFileType = sourcecode.swift; path = AppDelegate.swift; sourceTree = "<group>"; };
		E33697CD21179C27002F61CD /* ViewController.swift */ = {isa = PBXFileReference; lastKnownFileType = sourcecode.swift; path = ViewController.swift; sourceTree = "<group>"; };
		E33697D021179C27002F61CD /* Base */ = {isa = PBXFileReference; lastKnownFileType = file.storyboard; name = Base; path = Base.lproj/Main.storyboard; sourceTree = "<group>"; };
		E33697D221179C33002F61CD /* Assets.xcassets */ = {isa = PBXFileReference; lastKnownFileType = folder.assetcatalog; path = Assets.xcassets; sourceTree = "<group>"; };
		E33697D521179C33002F61CD /* Base */ = {isa = PBXFileReference; lastKnownFileType = file.storyboard; name = Base; path = Base.lproj/LaunchScreen.storyboard; sourceTree = "<group>"; };
		E33697D721179C33002F61CD /* Info.plist */ = {isa = PBXFileReference; lastKnownFileType = text.plist.xml; path = Info.plist; sourceTree = "<group>"; };
		E33697DC21179C34002F61CD /* template_appUITests.xctest */ = {isa = PBXFileReference; explicitFileType = wrapper.cfbundle; includeInIndex = 0; path = template_appUITests.xctest; sourceTree = BUILT_PRODUCTS_DIR; };
		E33697E021179C34002F61CD /* template_appUITests.swift */ = {isa = PBXFileReference; lastKnownFileType = sourcecode.swift; path = template_appUITests.swift; sourceTree = "<group>"; };
		E33697E221179C34002F61CD /* Info.plist */ = {isa = PBXFileReference; lastKnownFileType = text.plist.xml; path = Info.plist; sourceTree = "<group>"; };
		E33697ED21179D24002F61CD /* vlg_swift.swift */ = {isa = PBXFileReference; fileEncoding = 4; lastKnownFileType = sourcecode.swift; name = vlg_swift.swift; path = ../../../public/swf/vlg_swift.swift; sourceTree = "<group>"; };
		E33697FB21179E48002F61CD /* libvlg.a */ = {isa = PBXFileReference; explicitFileType = archive.ar; path = libvlg.a; sourceTree = BUILT_PRODUCTS_DIR; };
		E33697FD21179EC3002F61CD /* libc++.tbd */ = {isa = PBXFileReference; lastKnownFileType = "sourcecode.text-based-dylib-definition"; name = "libc++.tbd"; path = "usr/lib/libc++.tbd"; sourceTree = SDKROOT; };
		E33697FF211BA3A6002F61CD /* libapiobjc.a */ = {isa = PBXFileReference; explicitFileType = archive.ar; path = libapiobjc.a; sourceTree = BUILT_PRODUCTS_DIR; };
		E3369801211BA3BC002F61CD /* libapic.a */ = {isa = PBXFileReference; explicitFileType = archive.ar; path = libapic.a; sourceTree = BUILT_PRODUCTS_DIR; };
		E3369803211BA4AC002F61CD /* libapiobjc.a */ = {isa = PBXFileReference; explicitFileType = archive.ar; path = libapiobjc.a; sourceTree = BUILT_PRODUCTS_DIR; };
		E3369805211BA4C9002F61CD /* libdrvsqlite.a */ = {isa = PBXFileReference; explicitFileType = archive.ar; path = libdrvsqlite.a; sourceTree = BUILT_PRODUCTS_DIR; };
		E3369807211BA529002F61CD /* libapicpp.a */ = {isa = PBXFileReference; explicitFileType = archive.ar; path = libapicpp.a; sourceTree = BUILT_PRODUCTS_DIR; };
		E361F0F42120CE1A004F80CF /* logger.cfg */ = {isa = PBXFileReference; lastKnownFileType = text; path = logger.cfg; sourceTree = "<group>"; };
		E361F0F62120DBBB004F80CF /* params */ = {isa = PBXFileReference; fileEncoding = 4; lastKnownFileType = text; path = params; sourceTree = "<group>"; };
		E361F0F72120DBBB004F80CF /* perscfg */ = {isa = PBXFileReference; fileEncoding = 4; lastKnownFileType = text; path = perscfg; sourceTree = "<group>"; };
		E36D63EF2139C28400B430A4 /* libtest_smplmdl.a */ = {isa = PBXFileReference; explicitFileType = archive.ar; path = libtest_smplmdl.a; sourceTree = BUILT_PRODUCTS_DIR; };
		E36D63F12139C54600B430A4 /* vlg_swift.h */ = {isa = PBXFileReference; lastKnownFileType = sourcecode.c.h; name = vlg_swift.h; path = ../../../public/swf/vlg_swift.h; sourceTree = "<group>"; };
		E36D63F22139C59300B430A4 /* app_bridge.h */ = {isa = PBXFileReference; lastKnownFileType = sourcecode.c.h; path = app_bridge.h; sourceTree = "<group>"; };
		E36D641A213C902800B430A4 /* unused.txt */ = {isa = PBXFileReference; lastKnownFileType = text; path = unused.txt; sourceTree = "<group>"; };
		E3F503072173DC4900784F4E /* TemplateApp.swift */ = {isa = PBXFileReference; lastKnownFileType = sourcecode.swift; path = TemplateApp.swift; sourceTree = "<group>"; };
/* End PBXFileReference section */

/* Begin PBXFrameworksBuildPhase section */
		E33697C521179C27002F61CD /* Frameworks */ = {
			isa = PBXFrameworksBuildPhase;
			buildActionMask = 2147483647;
			files = (
				E3369802211BA3BC002F61CD /* libapic.a in Frameworks */,
				E3369806211BA4C9002F61CD /* libdrvsqlite.a in Frameworks */,
				E3369808211BA529002F61CD /* libapicpp.a in Frameworks */,
				E33697FC21179E48002F61CD /* libvlg.a in Frameworks */,
				E3E79BA0215FED5E0070DA0D /* libapiobjc.a in Frameworks */,
				E36D63F02139C28400B430A4 /* libtest_smplmdl.a in Frameworks */,
				E33697FE21179EC3002F61CD /* libc++.tbd in Frameworks */,
			);
			runOnlyForDeploymentPostprocessing = 0;
		};
		E33697D921179C34002F61CD /* Frameworks */ = {
			isa = PBXFrameworksBuildPhase;
			buildActionMask = 2147483647;
			files = (
			);
			runOnlyForDeploymentPostprocessing = 0;
		};
/* End PBXFrameworksBuildPhase section */

/* Begin PBXGroup section */
		E33697BF21179C27002F61CD = {
			isa = PBXGroup;
			children = (
				E361F0F52120CE45004F80CF /* resources */,
				E33697CA21179C27002F61CD /* template_app */,
				E33697DF21179C34002F61CD /* template_appUITests */,
				E33697C921179C27002F61CD /* Products */,
				E33697F021179E48002F61CD /* Frameworks */,
			);
			sourceTree = "<group>";
		};
		E33697C921179C27002F61CD /* Products */ = {
			isa = PBXGroup;
			children = (
				E33697C821179C27002F61CD /* template_app.app */,
				E33697DC21179C34002F61CD /* template_appUITests.xctest */,
			);
			name = Products;
			sourceTree = "<group>";
		};
		E33697CA21179C27002F61CD /* template_app */ = {
			isa = PBXGroup;
			children = (
				E327D4952186221600ACAA33 /* vlg_connection.swift */,
				E327D48F2186221600ACAA33 /* vlg_logger.swift */,
				E327D4942186221600ACAA33 /* vlg_model.swift */,
				E327D4962186221600ACAA33 /* vlg_peer.swift */,
				E327D4912186221600ACAA33 /* vlg_persistence.swift */,
				E327D4932186221600ACAA33 /* vlg_subscription.swift */,
				E327D4922186221600ACAA33 /* vlg_swift.swift */,
				E327D4902186221600ACAA33 /* vlg_transaction.swift */,
				E36D63F22139C59300B430A4 /* app_bridge.h */,
				E36D63F12139C54600B430A4 /* vlg_swift.h */,
				E33697ED21179D24002F61CD /* vlg_swift.swift */,
				E33697CB21179C27002F61CD /* AppDelegate.swift */,
				E33697CD21179C27002F61CD /* ViewController.swift */,
				E33697CF21179C27002F61CD /* Main.storyboard */,
				E33697D221179C33002F61CD /* Assets.xcassets */,
				E33697D421179C33002F61CD /* LaunchScreen.storyboard */,
				E33697D721179C33002F61CD /* Info.plist */,
				E36D641A213C902800B430A4 /* unused.txt */,
				E3F503072173DC4900784F4E /* TemplateApp.swift */,
			);
			path = template_app;
			sourceTree = "<group>";
		};
		E33697DF21179C34002F61CD /* template_appUITests */ = {
			isa = PBXGroup;
			children = (
				E33697E021179C34002F61CD /* template_appUITests.swift */,
				E33697E221179C34002F61CD /* Info.plist */,
			);
			path = template_appUITests;
			sourceTree = "<group>";
		};
		E33697F021179E48002F61CD /* Frameworks */ = {
			isa = PBXGroup;
			children = (
				E33697FD21179EC3002F61CD /* libc++.tbd */,
				E33697FB21179E48002F61CD /* libvlg.a */,
				E3369801211BA3BC002F61CD /* libapic.a */,
				E33697FF211BA3A6002F61CD /* libapiobjc.a */,
				E3369807211BA529002F61CD /* libapicpp.a */,
				E3369805211BA4C9002F61CD /* libdrvsqlite.a */,
				E3369803211BA4AC002F61CD /* libapiobjc.a */,
				E36D63EF2139C28400B430A4 /* libtest_smplmdl.a */,
			);
			name = Frameworks;
			sourceTree = "<group>";
		};
		E361F0F52120CE45004F80CF /* resources */ = {
			isa = PBXGroup;
			children = (
				E361F0F62120DBBB004F80CF /* params */,
				E361F0F72120DBBB004F80CF /* perscfg */,
				E361F0F42120CE1A004F80CF /* logger.cfg */,
			);
			path = resources;
			sourceTree = "<group>";
		};
/* End PBXGroup section */

/* Begin PBXNativeTarget section */
		E33697C721179C27002F61CD /* template_app */ = {
			isa = PBXNativeTarget;
			buildConfigurationList = E33697E521179C34002F61CD /* Build configuration list for PBXNativeTarget "template_app" */;
			buildPhases = (
				E33697C421179C27002F61CD /* Sources */,
				E33697C521179C27002F61CD /* Frameworks */,
				E33697C621179C27002F61CD /* Resources */,
			);
			buildRules = (
			);
			dependencies = (
			);
			name = template_app;
			productName = template_app;
			productReference = E33697C821179C27002F61CD /* template_app.app */;
			productType = "com.apple.product-type.application";
		};
		E33697DB21179C34002F61CD /* template_appUITests */ = {
			isa = PBXNativeTarget;
			buildConfigurationList = E33697E821179C34002F61CD /* Build configuration list for PBXNativeTarget "template_appUITests" */;
			buildPhases = (
				E33697D821179C34002F61CD /* Sources */,
				E33697D921179C34002F61CD /* Frameworks */,
				E33697DA21179C34002F61CD /* Resources */,
			);
			buildRules = (
			);
			dependencies = (
				E33697DE21179C34002F61CD /* PBXTargetDependency */,
			);
			name = template_appUITests;
			productName = template_appUITests;
			productReference = E33697DC21179C34002F61CD /* template_appUITests.xctest */;
			productType = "com.apple.product-type.bundle.ui-testing";
		};
/* End PBXNativeTarget section */

/* Begin PBXProject section */
		E33697C021179C27002F61CD /* Project object */ = {
			isa = PBXProject;
			attributes = {
				LastSwiftUpdateCheck = 0940;
				LastUpgradeCheck = 1010;
				ORGANIZATIONNAME = "Giuseppe Baccini";
				TargetAttributes = {
					E33697C721179C27002F61CD = {
						CreatedOnToolsVersion = 9.4.1;
						LastSwiftMigration = 1000;
					};
					E33697DB21179C34002F61CD = {
						CreatedOnToolsVersion = 9.4.1;
						LastSwiftMigration = 1000;
						TestTargetID = E33697C721179C27002F61CD;
					};
				};
			};
			buildConfigurationList = E33697C321179C27002F61CD /* Build configuration list for PBXProject "template_app" */;
			compatibilityVersion = "Xcode 9.3";
			developmentRegion = en;
			hasScannedForEncodings = 0;
			knownRegions = (
				en,
				Base,
			);
			mainGroup = E33697BF21179C27002F61CD;
			productRefGroup = E33697C921179C27002F61CD /* Products */;
			projectDirPath = "";
			projectRoot = "";
			targets = (
				E33697C721179C27002F61CD /* template_app */,
				E33697DB21179C34002F61CD /* template_appUITests */,
			);
		};
/* End PBXProject section */

/* Begin PBXResourcesBuildPhase section */
		E33697C621179C27002F61CD /* Resources */ = {
			isa = PBXResourcesBuildPhase;
			buildActionMask = 2147483647;
			files = (
				E33697D621179C33002F61CD /* LaunchScreen.storyboard in Resources */,
				E36D641B213C902800B430A4 /* unused.txt in Resources */,
				E33697D321179C33002F61CD /* Assets.xcassets in Resources */,
				E361F0F82120DBBB004F80CF /* params in Resources */,
				E361F0F92120DBBB004F80CF /* perscfg in Resources */,
				E361F0FA2120DBEB004F80CF /* logger.cfg in Resources */,
				E33697D121179C27002F61CD /* Main.storyboard in Resources */,
			);
			runOnlyForDeploymentPostprocessing = 0;
		};
		E33697DA21179C34002F61CD /* Resources */ = {
			isa = PBXResourcesBuildPhase;
			buildActionMask = 2147483647;
			files = (
			);
			runOnlyForDeploymentPostprocessing = 0;
		};
/* End PBXResourcesBuildPhase section */

/* Begin PBXSourcesBuildPhase section */
		E33697C421179C27002F61CD /* Sources */ = {
			isa = PBXSourcesBuildPhase;
			buildActionMask = 2147483647;
			files = (
				E327D4992186221600ACAA33 /* vlg_persistence.swift in Sources */,
				E327D49E2186221600ACAA33 /* vlg_peer.swift in Sources */,
				E327D49B2186221600ACAA33 /* vlg_subscription.swift in Sources */,
				E33697CE21179C27002F61CD /* ViewController.swift in Sources */,
				E3F503082173DC4900784F4E /* TemplateApp.swift in Sources */,
				E327D4982186221600ACAA33 /* vlg_transaction.swift in Sources */,
				E33697CC21179C27002F61CD /* AppDelegate.swift in Sources */,
				E327D49D2186221600ACAA33 /* vlg_connection.swift in Sources */,
				E327D4972186221600ACAA33 /* vlg_logger.swift in Sources */,
				E327D49C2186221600ACAA33 /* vlg_model.swift in Sources */,
				E33697EE21179D24002F61CD /* vlg_swift.swift in Sources */,
			);
			runOnlyForDeploymentPostprocessing = 0;
		};
		E33697D821179C34002F61CD /* Sources */ = {
			isa = PBXSourcesBuildPhase;
			buildActionMask = 2147483647;
			files = (
				E33697E121179C34002F61CD /* template_appUITests.swift in Sources */,
			);
			runOnlyForDeploymentPostprocessing = 0;
		};
/* End PBXSourcesBuildPhase section */

/* Begin PBXTargetDependency section */
		E33697DE21179C34002F61CD /* PBXTargetDependency */ = {
			isa = PBXTargetDependency;
			target = E33697C721179C27002F61CD /* template_app */;
			targetProxy = E33697DD21179C34002F61CD /* PBXContainerItemProxy */;
		};
/* End PBXTargetDependency section */

/* Begin PBXVariantGroup section */
		E33697CF21179C27002F61CD /* Main.storyboard */ = {
			isa = PBXVariantGroup;
			children = (
				E33697D021179C27002F61CD /* Base */,
			);
			name = Main.storyboard;
			sourceTree = "<group>";
		};
		E33697D421179C33002F61CD /* LaunchScreen.storyboard */ = {
			isa = PBXVariantGroup;
			children = (
				E33697D521179C33002F61CD /* Base */,
			);
			name = LaunchScreen.storyboard;
			sourceTree = "<group>";
		};
/* End PBXVariantGroup section */

/* Begin XCBuildConfiguration section */
		E33697E321179C34002F61CD /* Debug */ = {
			isa = XCBuildConfiguration;
			buildSettings = {
				ALWAYS_SEARCH_USER_PATHS = NO;
				CLANG_ANALYZER_NONNULL = YES;
				CLANG_ANALYZER_NUMBER_OBJECT_CONVERSION = YES_AGGRESSIVE;
				CLANG_CXX_LANGUAGE_STANDARD = "c++14";
				CLANG_CXX_LIBRARY = "libc++";
				CLANG_ENABLE_MODULES = YES;
				CLANG_ENABLE_OBJC_ARC = YES;
				CLANG_ENABLE_OBJC_WEAK = YES;
				CLANG_WARN_BLOCK_CAPTURE_AUTORELEASING = YES;
				CLANG_WARN_BOOL_CONVERSION = YES;
				CLANG_WARN_COMMA = YES;
				CLANG_WARN_CONSTANT_CONVERSION = YES;
				CLANG_WARN_DEPRECATED_OBJC_IMPLEMENTATIONS = YES;
				CLANG_WARN_DIRECT_OBJC_ISA_USAGE = YES_ERROR;
				CLANG_WARN_DOCUMENTATION_COMMENTS = YES;
				CLANG_WARN_EMPTY_BODY = YES;
				CLANG_WARN_ENUM_CONVERSION = YES;
				CLANG_WARN_INFINITE_RECURSION = YES;
				CLANG_WARN_INT_CONVERSION = YES;
				CLANG_WARN_NON_LITERAL_NULL_CONVERSION = YES;
				CLANG_WARN_OBJC_IMPLICIT_RETAIN_SELF = YES;
				CLANG_WARN_OBJC_LITERAL_CONVERSION = YES;
				CLANG_WARN_OBJC_ROOT_CLASS = YES_ERROR;
				CLANG_WARN_RANGE_LOOP_ANALYSIS = YES;
				CLANG_WARN_STRICT_PROTOTYPES = YES;
				CLANG_WARN_SUSPICIOUS_MOVE = YES;
				CLANG_WARN_UNGUARDED_AVAILABILITY = YES_AGGRESSIVE;
				CLANG_WARN_UNREACHABLE_CODE = YES;
				CLANG_WARN__DUPLICATE_METHOD_MATCH = YES;
				CODE_SIGN_IDENTITY = "iPhone Developer";
				COPY_PHASE_STRIP = NO;
				DEBUG_INFORMATION_FORMAT = dwarf;
				ENABLE_STRICT_OBJC_MSGSEND = YES;
				ENABLE_TESTABILITY = YES;
				GCC_C_LANGUAGE_STANDARD = c99;
				GCC_DYNAMIC_NO_PIC = NO;
				GCC_NO_COMMON_BLOCKS = YES;
				GCC_OPTIMIZATION_LEVEL = 0;
				GCC_PREPROCESSOR_DEFINITIONS = (
					"DEBUG=1",
					"$(inherited)",
				);
				GCC_WARN_64_TO_32_BIT_CONVERSION = YES;
				GCC_WARN_ABOUT_RETURN_TYPE = YES_ERROR;
				GCC_WARN_UNDECLARED_SELECTOR = YES;
				GCC_WARN_UNINITIALIZED_AUTOS = YES_AGGRESSIVE;
				GCC_WARN_UNUSED_FUNCTION = YES;
				GCC_WARN_UNUSED_VARIABLE = YES;
				IPHONEOS_DEPLOYMENT_TARGET = 12.0;
				MTL_ENABLE_DEBUG_INFO = YES;
				ONLY_ACTIVE_ARCH = YES;
				SDKROOT = iphoneos;
				SWIFT_ACTIVE_COMPILATION_CONDITIONS = DEBUG;
				SWIFT_OBJC_BRIDGING_HEADER = template_app/app_bridge.h;
				SWIFT_OPTIMIZATION_LEVEL = "-Onone";
				USER_HEADER_SEARCH_PATHS = (
					../../public,
					../../public/objc,
					../../public/c,
					../../test/sample_vlg_model,
					../../public/storage,
				);
			};
			name = Debug;
		};
		E33697E421179C34002F61CD /* Release */ = {
			isa = XCBuildConfiguration;
			buildSettings = {
				ALWAYS_SEARCH_USER_PATHS = NO;
				CLANG_ANALYZER_NONNULL = YES;
				CLANG_ANALYZER_NUMBER_OBJECT_CONVERSION = YES_AGGRESSIVE;
				CLANG_CXX_LANGUAGE_STANDARD = "c++14";
				CLANG_CXX_LIBRARY = "libc++";
				CLANG_ENABLE_MODULES = YES;
				CLANG_ENABLE_OBJC_ARC = YES;
				CLANG_ENABLE_OBJC_WEAK = YES;
				CLANG_WARN_BLOCK_CAPTURE_AUTORELEASING = YES;
				CLANG_WARN_BOOL_CONVERSION = YES;
				CLANG_WARN_COMMA = YES;
				CLANG_WARN_CONSTANT_CONVERSION = YES;
				CLANG_WARN_DEPRECATED_OBJC_IMPLEMENTATIONS = YES;
				CLANG_WARN_DIRECT_OBJC_ISA_USAGE = YES_ERROR;
				CLANG_WARN_DOCUMENTATION_COMMENTS = YES;
				CLANG_WARN_EMPTY_BODY = YES;
				CLANG_WARN_ENUM_CONVERSION = YES;
				CLANG_WARN_INFINITE_RECURSION = YES;
				CLANG_WARN_INT_CONVERSION = YES;
				CLANG_WARN_NON_LITERAL_NULL_CONVERSION = YES;
				CLANG_WARN_OBJC_IMPLICIT_RETAIN_SELF = YES;
				CLANG_WARN_OBJC_LITERAL_CONVERSION = YES;
				CLANG_WARN_OBJC_ROOT_CLASS = YES_ERROR;
				CLANG_WARN_RANGE_LOOP_ANALYSIS = YES;
				CLANG_WARN_STRICT_PROTOTYPES = YES;
				CLANG_WARN_SUSPICIOUS_MOVE = YES;
				CLANG_WARN_UNGUARDED_AVAILABILITY = YES_AGGRESSIVE;
				CLANG_WARN_UNREACHABLE_CODE = YES;
				CLANG_WARN__DUPLICATE_METHOD_MATCH = YES;
				CODE_SIGN_IDENTITY = "iPhone Developer";
				COPY_PHASE_STRIP = NO;
				DEBUG_INFORMATION_FORMAT = "dwarf-with-dsym";
				ENABLE_NS_ASSERTIONS = NO;
				ENABLE_STRICT_OBJC_MSGSEND = YES;
				GCC_C_LANGUAGE_STANDARD = c99;
				GCC_NO_COMMON_BLOCKS = YES;
				GCC_WARN_64_TO_32_BIT_CONVERSION = YES;
				GCC_WARN_ABOUT_RETURN_TYPE = YES_ERROR;
				GCC_WARN_UNDECLARED_SELECTOR = YES;
				GCC_WARN_UNINITIALIZED_AUTOS = YES_AGGRESSIVE;
				GCC_WARN_UNUSED_FUNCTION = YES;
				GCC_WARN_UNUSED_VARIABLE = YES;
				IPHONEOS_DEPLOYMENT_TARGET = 12.0;
				MTL_ENABLE_DEBUG_INFO = NO;
				SDKROOT = iphoneos;
				SWIFT_COMPILATION_MODE = wholemodule;
				SWIFT_OBJC_BRIDGING_HEADER = template_app/app_bridge.h;
				SWIFT_OPTIMIZATION_LEVEL = "-O";
				USER_HEADER_SEARCH_PATHS = (
					../../public,
					../../public/objc,
					../../public/c,
					../../test/sample_vlg_model,
					../../public/storage,
				);
				VALIDATE_PRODUCT = YES;
			};
			name = Release;
		};
		E33697E621179C34002F61CD /* Debug */ = {
			isa = XCBuildConfiguration;
			buildSettings = {
				ASSETCATALOG_COMPILER_APPICON_NAME = AppIcon;
				CODE_SIGN_STYLE = Automatic;
				DEVELOPMENT_TEAM = GN9B6VM38Y;
				INFOPLIST_FILE = template_app/Info.plist;
				LD_RUNPATH_SEARCH_PATHS = (
					"$(inherited)",
					"@executable_path/Frameworks",
				);
				PRODUCT_BUNDLE_IDENTIFIER = "home.template-app";
				PRODUCT_NAME = "$(TARGET_NAME)";
				SWIFT_VERSION = 4.2;
				TARGETED_DEVICE_FAMILY = "1,2";
			};
			name = Debug;
		};
		E33697E721179C34002F61CD /* Release */ = {
			isa = XCBuildConfiguration;
			buildSettings = {
				ASSETCATALOG_COMPILER_APPICON_NAME = AppIcon;
				CODE_SIGN_STYLE = Automatic;
				DEVELOPMENT_TEAM = GN9B6VM38Y;
				INFOPLIST_FILE = template_app/Info.plist;
				LD_RUNPATH_SEARCH_PATHS = (
					"$(inherited)",
					"@executable_path/Frameworks",
				);
				PRODUCT_BUNDLE_IDENTIFIER = "home.template-app";
				PRODUCT_NAME = "$(TARGET_NAME)";
				SWIFT_VERSION = 4.2;
				TARGETED_DEVICE_FAMILY = "1,2";
			};
			name = Release;
		};
		E33697E921179C34002F61CD /* Debug */ = {
			isa = XCBuildConfiguration;
			buildSettings = {
				ALWAYS_EMBED_SWIFT_STANDARD_LIBRARIES = YES;
				CODE_SIGN_STYLE = Automatic;
				DEVELOPMENT_TEAM = GN9B6VM38Y;
				INFOPLIST_FILE = template_appUITests/Info.plist;
				LD_RUNPATH_SEARCH_PATHS = (
					"$(inherited)",
					"@executable_path/Frameworks",
					"@loader_path/Frameworks",
				);
				PRODUCT_BUNDLE_IDENTIFIER = "home.template-appUITests";
				PRODUCT_NAME = "$(TARGET_NAME)";
				SWIFT_VERSION = 4.2;
				TARGETED_DEVICE_FAMILY = "1,2";
				TEST_TARGET_NAME = template_app;
			};
			name = Debug;
		};
		E33697EA21179C34002F61CD /* Release */ = {
			isa = XCBuildConfiguration;
			buildSettings = {
				ALWAYS_EMBED_SWIFT_STANDARD_LIBRARIES = YES;
				CODE_SIGN_STYLE = Automatic;
				DEVELOPMENT_TEAM = GN9B6VM38Y;
				INFOPLIST_FILE = template_appUITests/Info.plist;
				LD_RUNPATH_SEARCH_PATHS = (
					"$(inherited)",
					"@executable_path/Frameworks",
					"@loader_path/Frameworks",
				);
				PRODUCT_BUNDLE_IDENTIFIER = "home.template-appUITests";
				PRODUCT_NAME = "$(TARGET_NAME)";
				SWIFT_VERSION = 4.2;
				TARGETED_DEVICE_FAMILY = "1,2";
				TEST_TARGET_NAME = template_app;
			};
			name = Release;
		};
/* End XCBuildConfiguration section */

/* Begin XCConfigurationList section */
		E33697C321179C27002F61CD /* Build configuration list for PBXProject "template_app" */ = {
			isa = XCConfigurationList;
			buildConfigurations = (
				E33697E321179C34002F61CD /* Debug */,
				E33697E421179C34002F61CD /* Release */,
			);
			defaultConfigurationIsVisible = 0;
			defaultConfigurationName = Release;
		};
		E33697E521179C34002F61CD /* Build configuration list for PBXNativeTarget "template_app" */ = {
			isa = XCConfigurationList;
			buildConfigurations = (
				E33697E621179C34002F61CD /* Debug */,
				E33697E721179C34002F61CD /* Release */,
			);
			defaultConfigurationIsVisible = 0;
			defaultConfigurationName = Release;
		};
		E33697E821179C34002F61CD /* Build configuration list for PBXNativeTarget "template_appUITests" */ = {
			isa = XCConfigurationList;
			buildConfigurations = (
				E33697E921179C34002F61CD /* Debug */,
				E33697EA21179C34002F61CD /* Release */,
			);
			defaultConfigurationIsVisible = 0;
			defaultConfigurationName = Release;
		};
/* End XCConfigurationList section */
	};
	rootObject = E33697C021179C27002F61CD /* Project object */;
}
